// !$*UTF8*$!
{
	archiveVersion = 1;
	classes = {
	};
	objectVersion = 48;
	objects = {

/* Begin PBXBuildFile section */
		6A5B6D9F1FFA2B3B00F237C1 /* AppDelegate.swift in Sources */ = {isa = PBXBuildFile; fileRef = 6A5B6D9E1FFA2B3B00F237C1 /* AppDelegate.swift */; };
		6A5B6DA11FFA2B3B00F237C1 /* ViewController.swift in Sources */ = {isa = PBXBuildFile; fileRef = 6A5B6DA01FFA2B3B00F237C1 /* ViewController.swift */; };
		6A5B6DA41FFA2B3B00F237C1 /* Main.storyboard in Resources */ = {isa = PBXBuildFile; fileRef = 6A5B6DA21FFA2B3B00F237C1 /* Main.storyboard */; };
		6A5B6DA61FFA2B3B00F237C1 /* Assets.xcassets in Resources */ = {isa = PBXBuildFile; fileRef = 6A5B6DA51FFA2B3B00F237C1 /* Assets.xcassets */; };
		6A5B6DA91FFA2B3B00F237C1 /* LaunchScreen.storyboard in Resources */ = {isa = PBXBuildFile; fileRef = 6A5B6DA71FFA2B3B00F237C1 /* LaunchScreen.storyboard */; };
		6A5B6DB31FFA2DD900F237C1 /* Ticket.swift in Sources */ = {isa = PBXBuildFile; fileRef = 6A5B6DB21FFA2DD900F237C1 /* Ticket.swift */; };
		6A5B6DB51FFA2F4100F237C1 /* Date+Encoding.swift in Sources */ = {isa = PBXBuildFile; fileRef = 6A5B6DB41FFA2F4100F237C1 /* Date+Encoding.swift */; };
		6A5B6DB71FFA7D7C00F237C1 /* TicketPickerView.swift in Sources */ = {isa = PBXBuildFile; fileRef = 6A5B6DB61FFA7D7C00F237C1 /* TicketPickerView.swift */; };
		6A5B6DB91FFA7DFA00F237C1 /* TicketPickerDelegate.swift in Sources */ = {isa = PBXBuildFile; fileRef = 6A5B6DB81FFA7DFA00F237C1 /* TicketPickerDelegate.swift */; };
		6E972A112004AB6800C4FD8F /* Player.swift in Sources */ = {isa = PBXBuildFile; fileRef = 6E972A102004AB6800C4FD8F /* Player.swift */; };
		6E972A172004B19E00C4FD8F /* ListViewModel.swift in Sources */ = {isa = PBXBuildFile; fileRef = 6E972A162004B19E00C4FD8F /* ListViewModel.swift */; };
		6E972A192004B1AA00C4FD8F /* ListCell.swift in Sources */ = {isa = PBXBuildFile; fileRef = 6E972A182004B1AA00C4FD8F /* ListCell.swift */; };
		6E972A1B2004B1BE00C4FD8F /* MainView.swift in Sources */ = {isa = PBXBuildFile; fileRef = 6E972A1A2004B1BE00C4FD8F /* MainView.swift */; };
/* End PBXBuildFile section */

/* Begin PBXFileReference section */
		6A5B6D9B1FFA2B3B00F237C1 /* SimpleLottery.app */ = {isa = PBXFileReference; explicitFileType = wrapper.application; includeInIndex = 0; path = SimpleLottery.app; sourceTree = BUILT_PRODUCTS_DIR; };
		6A5B6D9E1FFA2B3B00F237C1 /* AppDelegate.swift */ = {isa = PBXFileReference; lastKnownFileType = sourcecode.swift; path = AppDelegate.swift; sourceTree = "<group>"; };
		6A5B6DA01FFA2B3B00F237C1 /* ViewController.swift */ = {isa = PBXFileReference; lastKnownFileType = sourcecode.swift; path = ViewController.swift; sourceTree = "<group>"; };
		6A5B6DA31FFA2B3B00F237C1 /* Base */ = {isa = PBXFileReference; lastKnownFileType = file.storyboard; name = Base; path = Base.lproj/Main.storyboard; sourceTree = "<group>"; };
		6A5B6DA51FFA2B3B00F237C1 /* Assets.xcassets */ = {isa = PBXFileReference; lastKnownFileType = folder.assetcatalog; path = Assets.xcassets; sourceTree = "<group>"; };
		6A5B6DA81FFA2B3B00F237C1 /* Base */ = {isa = PBXFileReference; lastKnownFileType = file.storyboard; name = Base; path = Base.lproj/LaunchScreen.storyboard; sourceTree = "<group>"; };
		6A5B6DAA1FFA2B3B00F237C1 /* Info.plist */ = {isa = PBXFileReference; lastKnownFileType = text.plist.xml; path = Info.plist; sourceTree = "<group>"; };
		6A5B6DB21FFA2DD900F237C1 /* Ticket.swift */ = {isa = PBXFileReference; lastKnownFileType = sourcecode.swift; path = Ticket.swift; sourceTree = "<group>"; };
		6A5B6DB41FFA2F4100F237C1 /* Date+Encoding.swift */ = {isa = PBXFileReference; lastKnownFileType = sourcecode.swift; path = "Date+Encoding.swift"; sourceTree = "<group>"; };
		6A5B6DB61FFA7D7C00F237C1 /* TicketPickerView.swift */ = {isa = PBXFileReference; lastKnownFileType = sourcecode.swift; path = TicketPickerView.swift; sourceTree = "<group>"; };
		6A5B6DB81FFA7DFA00F237C1 /* TicketPickerDelegate.swift */ = {isa = PBXFileReference; lastKnownFileType = sourcecode.swift; path = TicketPickerDelegate.swift; sourceTree = "<group>"; };
		6E972A102004AB6800C4FD8F /* Player.swift */ = {isa = PBXFileReference; lastKnownFileType = sourcecode.swift; path = Player.swift; sourceTree = "<group>"; };
		6E972A162004B19E00C4FD8F /* ListViewModel.swift */ = {isa = PBXFileReference; lastKnownFileType = sourcecode.swift; path = ListViewModel.swift; sourceTree = "<group>"; };
		6E972A182004B1AA00C4FD8F /* ListCell.swift */ = {isa = PBXFileReference; lastKnownFileType = sourcecode.swift; path = ListCell.swift; sourceTree = "<group>"; };
		6E972A1A2004B1BE00C4FD8F /* MainView.swift */ = {isa = PBXFileReference; lastKnownFileType = sourcecode.swift; path = MainView.swift; sourceTree = "<group>"; };
/* End PBXFileReference section */

/* Begin PBXFrameworksBuildPhase section */
		6A5B6D981FFA2B3B00F237C1 /* Frameworks */ = {
			isa = PBXFrameworksBuildPhase;
			buildActionMask = 2147483647;
			files = (
			);
			runOnlyForDeploymentPostprocessing = 0;
		};
/* End PBXFrameworksBuildPhase section */

/* Begin PBXGroup section */
		6A5B6D921FFA2B3B00F237C1 = {
			isa = PBXGroup;
			children = (
				6A5B6D9D1FFA2B3B00F237C1 /* SimpleLottery */,
				6A5B6D9C1FFA2B3B00F237C1 /* Products */,
			);
			sourceTree = "<group>";
		};
		6A5B6D9C1FFA2B3B00F237C1 /* Products */ = {
			isa = PBXGroup;
			children = (
				6A5B6D9B1FFA2B3B00F237C1 /* SimpleLottery.app */,
			);
			name = Products;
			sourceTree = "<group>";
		};
		6A5B6D9D1FFA2B3B00F237C1 /* SimpleLottery */ = {
			isa = PBXGroup;
			children = (
				6E972A152004B14500C4FD8F /* Core */,
				6E972A122004B12300C4FD8F /* Model */,
				6E972A142004B13300C4FD8F /* TicketPicker */,
				6E972A132004B12A00C4FD8F /* Util */,
				6A5B6D9E1FFA2B3B00F237C1 /* AppDelegate.swift */,
				6A5B6DA01FFA2B3B00F237C1 /* ViewController.swift */,
				6A5B6DA21FFA2B3B00F237C1 /* Main.storyboard */,
				6A5B6DA51FFA2B3B00F237C1 /* Assets.xcassets */,
				6A5B6DA71FFA2B3B00F237C1 /* LaunchScreen.storyboard */,
				6A5B6DAA1FFA2B3B00F237C1 /* Info.plist */,
			);
			path = SimpleLottery;
			sourceTree = "<group>";
		};
		6E972A122004B12300C4FD8F /* Model */ = {
			isa = PBXGroup;
			children = (
				6E972A102004AB6800C4FD8F /* Player.swift */,
				6A5B6DB21FFA2DD900F237C1 /* Ticket.swift */,
			);
			path = Model;
			sourceTree = "<group>";
		};
		6E972A132004B12A00C4FD8F /* Util */ = {
			isa = PBXGroup;
			children = (
				6A5B6DB41FFA2F4100F237C1 /* Date+Encoding.swift */,
			);
			path = Util;
			sourceTree = "<group>";
		};
		6E972A142004B13300C4FD8F /* TicketPicker */ = {
			isa = PBXGroup;
			children = (
				6A5B6DB61FFA7D7C00F237C1 /* TicketPickerView.swift */,
				6A5B6DB81FFA7DFA00F237C1 /* TicketPickerDelegate.swift */,
			);
			path = TicketPicker;
			sourceTree = "<group>";
		};
		6E972A152004B14500C4FD8F /* Core */ = {
			isa = PBXGroup;
			children = (
				6E972A1A2004B1BE00C4FD8F /* MainView.swift */,
				6E972A162004B19E00C4FD8F /* ListViewModel.swift */,
				6E972A182004B1AA00C4FD8F /* ListCell.swift */,
			);
			path = Core;
			sourceTree = "<group>";
		};
/* End PBXGroup section */

/* Begin PBXNativeTarget section */
		6A5B6D9A1FFA2B3B00F237C1 /* SimpleLottery */ = {
			isa = PBXNativeTarget;
			buildConfigurationList = 6A5B6DAD1FFA2B3B00F237C1 /* Build configuration list for PBXNativeTarget "SimpleLottery" */;
			buildPhases = (
				6A5B6D971FFA2B3B00F237C1 /* Sources */,
				6A5B6D981FFA2B3B00F237C1 /* Frameworks */,
				6A5B6D991FFA2B3B00F237C1 /* Resources */,
			);
			buildRules = (
			);
			dependencies = (
			);
			name = SimpleLottery;
			productName = SimpleLottery;
			productReference = 6A5B6D9B1FFA2B3B00F237C1 /* SimpleLottery.app */;
			productType = "com.apple.product-type.application";
		};
/* End PBXNativeTarget section */

/* Begin PBXProject section */
		6A5B6D931FFA2B3B00F237C1 /* Project object */ = {
			isa = PBXProject;
			attributes = {
				LastSwiftUpdateCheck = 0920;
				LastUpgradeCheck = 0920;
				ORGANIZATIONNAME = HardMode;
				TargetAttributes = {
					6A5B6D9A1FFA2B3B00F237C1 = {
						CreatedOnToolsVersion = 9.2;
						ProvisioningStyle = Automatic;
					};
				};
			};
			buildConfigurationList = 6A5B6D961FFA2B3B00F237C1 /* Build configuration list for PBXProject "SimpleLottery" */;
			compatibilityVersion = "Xcode 8.0";
			developmentRegion = en;
			hasScannedForEncodings = 0;
			knownRegions = (
				en,
				Base,
			);
			mainGroup = 6A5B6D921FFA2B3B00F237C1;
			productRefGroup = 6A5B6D9C1FFA2B3B00F237C1 /* Products */;
			projectDirPath = "";
			projectRoot = "";
			targets = (
				6A5B6D9A1FFA2B3B00F237C1 /* SimpleLottery */,
			);
		};
/* End PBXProject section */

/* Begin PBXResourcesBuildPhase section */
		6A5B6D991FFA2B3B00F237C1 /* Resources */ = {
			isa = PBXResourcesBuildPhase;
			buildActionMask = 2147483647;
			files = (
				6A5B6DA91FFA2B3B00F237C1 /* LaunchScreen.storyboard in Resources */,
				6A5B6DA61FFA2B3B00F237C1 /* Assets.xcassets in Resources */,
				6A5B6DA41FFA2B3B00F237C1 /* Main.storyboard in Resources */,
			);
			runOnlyForDeploymentPostprocessing = 0;
		};
/* End PBXResourcesBuildPhase section */

/* Begin PBXSourcesBuildPhase section */
		6A5B6D971FFA2B3B00F237C1 /* Sources */ = {
			isa = PBXSourcesBuildPhase;
			buildActionMask = 2147483647;
			files = (
				6A5B6DB91FFA7DFA00F237C1 /* TicketPickerDelegate.swift in Sources */,
				6A5B6DA11FFA2B3B00F237C1 /* ViewController.swift in Sources */,
				6A5B6DB71FFA7D7C00F237C1 /* TicketPickerView.swift in Sources */,
				6E972A1B2004B1BE00C4FD8F /* MainView.swift in Sources */,
				6A5B6DB31FFA2DD900F237C1 /* Ticket.swift in Sources */,
				6E972A112004AB6800C4FD8F /* Player.swift in Sources */,
				6A5B6DB51FFA2F4100F237C1 /* Date+Encoding.swift in Sources */,
				6E972A192004B1AA00C4FD8F /* ListCell.swift in Sources */,
				6E972A172004B19E00C4FD8F /* ListViewModel.swift in Sources */,
				6A5B6D9F1FFA2B3B00F237C1 /* AppDelegate.swift in Sources */,
			);
			runOnlyForDeploymentPostprocessing = 0;
		};
/* End PBXSourcesBuildPhase section */

/* Begin PBXVariantGroup section */
		6A5B6DA21FFA2B3B00F237C1 /* Main.storyboard */ = {
			isa = PBXVariantGroup;
			children = (
				6A5B6DA31FFA2B3B00F237C1 /* Base */,
			);
			name = Main.storyboard;
			sourceTree = "<group>";
		};
		6A5B6DA71FFA2B3B00F237C1 /* LaunchScreen.storyboard */ = {
			isa = PBXVariantGroup;
			children = (
				6A5B6DA81FFA2B3B00F237C1 /* Base */,
			);
			name = LaunchScreen.storyboard;
			sourceTree = "<group>";
		};
/* End PBXVariantGroup section */

/* Begin XCBuildConfiguration section */
		6A5B6DAB1FFA2B3B00F237C1 /* Debug */ = {
			isa = XCBuildConfiguration;
			buildSettings = {
				ALWAYS_SEARCH_USER_PATHS = NO;
				CLANG_ANALYZER_NONNULL = YES;
				CLANG_ANALYZER_NUMBER_OBJECT_CONVERSION = YES_AGGRESSIVE;
				CLANG_CXX_LANGUAGE_STANDARD = "gnu++14";
				CLANG_CXX_LIBRARY = "libc++";
				CLANG_ENABLE_MODULES = YES;
				CLANG_ENABLE_OBJC_ARC = YES;
				CLANG_WARN_BLOCK_CAPTURE_AUTORELEASING = YES;
				CLANG_WARN_BOOL_CONVERSION = YES;
				CLANG_WARN_COMMA = YES;
				CLANG_WARN_CONSTANT_CONVERSION = YES;
				CLANG_WARN_DIRECT_OBJC_ISA_USAGE = YES_ERROR;
				CLANG_WARN_DOCUMENTATION_COMMENTS = YES;
				CLANG_WARN_EMPTY_BODY = YES;
				CLANG_WARN_ENUM_CONVERSION = YES;
				CLANG_WARN_INFINITE_RECURSION = YES;
				CLANG_WARN_INT_CONVERSION = YES;
				CLANG_WARN_NON_LITERAL_NULL_CONVERSION = YES;
				CLANG_WARN_OBJC_LITERAL_CONVERSION = YES;
				CLANG_WARN_OBJC_ROOT_CLASS = YES_ERROR;
				CLANG_WARN_RANGE_LOOP_ANALYSIS = YES;
				CLANG_WARN_STRICT_PROTOTYPES = YES;
				CLANG_WARN_SUSPICIOUS_MOVE = YES;
				CLANG_WARN_UNGUARDED_AVAILABILITY = YES_AGGRESSIVE;
				CLANG_WARN_UNREACHABLE_CODE = YES;
				CLANG_WARN__DUPLICATE_METHOD_MATCH = YES;
				CODE_SIGN_IDENTITY = "iPhone Developer";
				COPY_PHASE_STRIP = NO;
				DEBUG_INFORMATION_FORMAT = dwarf;
				ENABLE_STRICT_OBJC_MSGSEND = YES;
				ENABLE_TESTABILITY = YES;
				GCC_C_LANGUAGE_STANDARD = gnu11;
				GCC_DYNAMIC_NO_PIC = NO;
				GCC_NO_COMMON_BLOCKS = YES;
				GCC_OPTIMIZATION_LEVEL = 0;
				GCC_PREPROCESSOR_DEFINITIONS = (
					"DEBUG=1",
					"$(inherited)",
				);
				GCC_WARN_64_TO_32_BIT_CONVERSION = YES;
				GCC_WARN_ABOUT_RETURN_TYPE = YES_ERROR;
				GCC_WARN_UNDECLARED_SELECTOR = YES;
				GCC_WARN_UNINITIALIZED_AUTOS = YES_AGGRESSIVE;
				GCC_WARN_UNUSED_FUNCTION = YES;
				GCC_WARN_UNUSED_VARIABLE = YES;
				IPHONEOS_DEPLOYMENT_TARGET = 11.2;
				MTL_ENABLE_DEBUG_INFO = YES;
				ONLY_ACTIVE_ARCH = YES;
				SDKROOT = iphoneos;
				SWIFT_ACTIVE_COMPILATION_CONDITIONS = DEBUG;
				SWIFT_OPTIMIZATION_LEVEL = "-Onone";
			};
			name = Debug;
		};
		6A5B6DAC1FFA2B3B00F237C1 /* Release */ = {
			isa = XCBuildConfiguration;
			buildSettings = {
				ALWAYS_SEARCH_USER_PATHS = NO;
				CLANG_ANALYZER_NONNULL = YES;
				CLANG_ANALYZER_NUMBER_OBJECT_CONVERSION = YES_AGGRESSIVE;
				CLANG_CXX_LANGUAGE_STANDARD = "gnu++14";
				CLANG_CXX_LIBRARY = "libc++";
				CLANG_ENABLE_MODULES = YES;
				CLANG_ENABLE_OBJC_ARC = YES;
				CLANG_WARN_BLOCK_CAPTURE_AUTORELEASING = YES;
				CLANG_WARN_BOOL_CONVERSION = YES;
				CLANG_WARN_COMMA = YES;
				CLANG_WARN_CONSTANT_CONVERSION = YES;
				CLANG_WARN_DIRECT_OBJC_ISA_USAGE = YES_ERROR;
				CLANG_WARN_DOCUMENTATION_COMMENTS = YES;
				CLANG_WARN_EMPTY_BODY = YES;
				CLANG_WARN_ENUM_CONVERSION = YES;
				CLANG_WARN_INFINITE_RECURSION = YES;
				CLANG_WARN_INT_CONVERSION = YES;
				CLANG_WARN_NON_LITERAL_NULL_CONVERSION = YES;
				CLANG_WARN_OBJC_LITERAL_CONVERSION = YES;
				CLANG_WARN_OBJC_ROOT_CLASS = YES_ERROR;
				CLANG_WARN_RANGE_LOOP_ANALYSIS = YES;
				CLANG_WARN_STRICT_PROTOTYPES = YES;
				CLANG_WARN_SUSPICIOUS_MOVE = YES;
				CLANG_WARN_UNGUARDED_AVAILABILITY = YES_AGGRESSIVE;
				CLANG_WARN_UNREACHABLE_CODE = YES;
				CLANG_WARN__DUPLICATE_METHOD_MATCH = YES;
				CODE_SIGN_IDENTITY = "iPhone Developer";
				COPY_PHASE_STRIP = NO;
				DEBUG_INFORMATION_FORMAT = "dwarf-with-dsym";
				ENABLE_NS_ASSERTIONS = NO;
				ENABLE_STRICT_OBJC_MSGSEND = YES;
				GCC_C_LANGUAGE_STANDARD = gnu11;
				GCC_NO_COMMON_BLOCKS = YES;
				GCC_WARN_64_TO_32_BIT_CONVERSION = YES;
				GCC_WARN_ABOUT_RETURN_TYPE = YES_ERROR;
				GCC_WARN_UNDECLARED_SELECTOR = YES;
				GCC_WARN_UNINITIALIZED_AUTOS = YES_AGGRESSIVE;
				GCC_WARN_UNUSED_FUNCTION = YES;
				GCC_WARN_UNUSED_VARIABLE = YES;
				IPHONEOS_DEPLOYMENT_TARGET = 11.2;
				MTL_ENABLE_DEBUG_INFO = NO;
				SDKROOT = iphoneos;
				SWIFT_OPTIMIZATION_LEVEL = "-Owholemodule";
				VALIDATE_PRODUCT = YES;
			};
			name = Release;
		};
		6A5B6DAE1FFA2B3B00F237C1 /* Debug */ = {
			isa = XCBuildConfiguration;
			buildSettings = {
				ASSETCATALOG_COMPILER_APPICON_NAME = AppIcon;
				CODE_SIGN_STYLE = Automatic;
				DEVELOPMENT_TEAM = 8T8XDE2AW3;
				INFOPLIST_FILE = SimpleLottery/Info.plist;
				LD_RUNPATH_SEARCH_PATHS = "$(inherited) @executable_path/Frameworks";
				PRODUCT_BUNDLE_IDENTIFIER = com.hm.SimpleLottery;
				PRODUCT_NAME = "$(TARGET_NAME)";
				SWIFT_VERSION = 4.0;
				TARGETED_DEVICE_FAMILY = "1,2";
			};
			name = Debug;
		};
		6A5B6DAF1FFA2B3B00F237C1 /* Release */ = {
			isa = XCBuildConfiguration;
			buildSettings = {
				ASSETCATALOG_COMPILER_APPICON_NAME = AppIcon;
				CODE_SIGN_STYLE = Automatic;
				DEVELOPMENT_TEAM = 8T8XDE2AW3;
				INFOPLIST_FILE = SimpleLottery/Info.plist;
				LD_RUNPATH_SEARCH_PATHS = "$(inherited) @executable_path/Frameworks";
				PRODUCT_BUNDLE_IDENTIFIER = com.hm.SimpleLottery;
				PRODUCT_NAME = "$(TARGET_NAME)";
				SWIFT_VERSION = 4.0;
				TARGETED_DEVICE_FAMILY = "1,2";
			};
			name = Release;
		};
/* End XCBuildConfiguration section */

/* Begin XCConfigurationList section */
		6A5B6D961FFA2B3B00F237C1 /* Build configuration list for PBXProject "SimpleLottery" */ = {
			isa = XCConfigurationList;
			buildConfigurations = (
				6A5B6DAB1FFA2B3B00F237C1 /* Debug */,
				6A5B6DAC1FFA2B3B00F237C1 /* Release */,
			);
			defaultConfigurationIsVisible = 0;
			defaultConfigurationName = Release;
		};
		6A5B6DAD1FFA2B3B00F237C1 /* Build configuration list for PBXNativeTarget "SimpleLottery" */ = {
			isa = XCConfigurationList;
			buildConfigurations = (
				6A5B6DAE1FFA2B3B00F237C1 /* Debug */,
				6A5B6DAF1FFA2B3B00F237C1 /* Release */,
			);
			defaultConfigurationIsVisible = 0;
			defaultConfigurationName = Release;
		};
/* End XCConfigurationList section */
	};
	rootObject = 6A5B6D931FFA2B3B00F237C1 /* Project object */;
}
